
Microsoft Visual Studio Solution File, Format Version 12.00
# Visual Studio Version 16
VisualStudioVersion = 16.0.28803.452
MinimumVisualStudioVersion = 10.0.40219.1
Project("{FAE04EC0-301F-11D3-BF4B-00C04F79EFBC}") = "Main", "Main\Main.csproj", "{45204BCF-BE0D-434E-9AF3-0A1FA5B0F8AE}"
EndProject
Project("{FAE04EC0-301F-11D3-BF4B-00C04F79EFBC}") = "ControlLibrary", "ControlLibrary\ControlLibrary.csproj", "{4CEF6F8C-594E-4DCE-825E-A5809C55FB38}"
EndProject
Project("{FAE04EC0-301F-11D3-BF4B-00C04F79EFBC}") = "DataService", "DataService\DataService.csproj", "{8965E389-6466-4B30-BD43-83C909044637}"
EndProject
Project("{FAE04EC0-301F-11D3-BF4B-00C04F79EFBC}") = "DataHelper", "DataHelper\DataHelper.csproj", "{755C5459-BCA4-4729-A93C-0C73A41BDF3C}"
EndProject
Project("{FAE04EC0-301F-11D3-BF4B-00C04F79EFBC}") = "ProtocolConfig", "ProtocolConfig\ProtocolConfig.csproj", "{3453219A-FD58-47DF-97CC-2E02385898F0}"
EndProject
Global
	GlobalSection(SolutionConfigurationPlatforms) = preSolution
		Debug|Any CPU = Debug|Any CPU
		Debug|Itanium = Debug|Itanium
		Debug|x64 = Debug|x64
		Debug|x86 = Debug|x86
		Release|Any CPU = Release|Any CPU
		Release|Itanium = Release|Itanium
		Release|x64 = Release|x64
		Release|x86 = Release|x86
	EndGlobalSection
	GlobalSection(ProjectConfigurationPlatforms) = postSolution
		{45204BCF-BE0D-434E-9AF3-0A1FA5B0F8AE}.Debug|Any CPU.ActiveCfg = Debug|Any CPU
		{45204BCF-BE0D-434E-9AF3-0A1FA5B0F8AE}.Debug|Any CPU.Build.0 = Debug|Any CPU
		{45204BCF-BE0D-434E-9AF3-0A1FA5B0F8AE}.Debug|Itanium.ActiveCfg = Debug|Any CPU
		{45204BCF-BE0D-434E-9AF3-0A1FA5B0F8AE}.Debug|Itanium.Build.0 = Debug|Any CPU
		{45204BCF-BE0D-434E-9AF3-0A1FA5B0F8AE}.Debug|x64.ActiveCfg = Debug|Any CPU
		{45204BCF-BE0D-434E-9AF3-0A1FA5B0F8AE}.Debug|x64.Build.0 = Debug|Any CPU
		{45204BCF-BE0D-434E-9AF3-0A1FA5B0F8AE}.Debug|x86.ActiveCfg = Debug|Any CPU
		{45204BCF-BE0D-434E-9AF3-0A1FA5B0F8AE}.Debug|x86.Build.0 = Debug|Any CPU
		{45204BCF-BE0D-434E-9AF3-0A1FA5B0F8AE}.Release|Any CPU.ActiveCfg = Release|Any CPU
		{45204BCF-BE0D-434E-9AF3-0A1FA5B0F8AE}.Release|Any CPU.Build.0 = Release|Any CPU
		{45204BCF-BE0D-434E-9AF3-0A1FA5B0F8AE}.Release|Itanium.ActiveCfg = Release|Any CPU
		{45204BCF-BE0D-434E-9AF3-0A1FA5B0F8AE}.Release|Itanium.Build.0 = Release|Any CPU
		{45204BCF-BE0D-434E-9AF3-0A1FA5B0F8AE}.Release|x64.ActiveCfg = Release|Any CPU
		{45204BCF-BE0D-434E-9AF3-0A1FA5B0F8AE}.Release|x64.Build.0 = Release|Any CPU
		{45204BCF-BE0D-434E-9AF3-0A1FA5B0F8AE}.Release|x86.ActiveCfg = Release|Any CPU
		{45204BCF-BE0D-434E-9AF3-0A1FA5B0F8AE}.Release|x86.Build.0 = Release|Any CPU
		{4CEF6F8C-594E-4DCE-825E-A5809C55FB38}.Debug|Any CPU.ActiveCfg = Debug|Any CPU
		{4CEF6F8C-594E-4DCE-825E-A5809C55FB38}.Debug|Any CPU.Build.0 = Debug|Any CPU
		{4CEF6F8C-594E-4DCE-825E-A5809C55FB38}.Debug|Itanium.ActiveCfg = Debug|Any CPU
		{4CEF6F8C-594E-4DCE-825E-A5809C55FB38}.Debug|Itanium.Build.0 = Debug|Any CPU
		{4CEF6F8C-594E-4DCE-825E-A5809C55FB38}.Debug|x64.ActiveCfg = Debug|Any CPU
		{4CEF6F8C-594E-4DCE-825E-A5809C55FB38}.Debug|x64.Build.0 = Debug|Any CPU
		{4CEF6F8C-594E-4DCE-825E-A5809C55FB38}.Debug|x86.ActiveCfg = Debug|Any CPU
		{4CEF6F8C-594E-4DCE-825E-A5809C55FB38}.Debug|x86.Build.0 = Debug|Any CPU
		{4CEF6F8C-594E-4DCE-825E-A5809C55FB38}.Release|Any CPU.ActiveCfg = Release|Any CPU
		{4CEF6F8C-594E-4DCE-825E-A5809C55FB38}.Release|Any CPU.Build.0 = Release|Any CPU
		{4CEF6F8C-594E-4DCE-825E-A5809C55FB38}.Release|Itanium.ActiveCfg = Release|Any CPU
		{4CEF6F8C-594E-4DCE-825E-A5809C55FB38}.Release|Itanium.Build.0 = Release|Any CPU
		{4CEF6F8C-594E-4DCE-825E-A5809C55FB38}.Release|x64.ActiveCfg = Release|Any CPU
		{4CEF6F8C-594E-4DCE-825E-A5809C55FB38}.Release|x64.Build.0 = Release|Any CPU
		{4CEF6F8C-594E-4DCE-825E-A5809C55FB38}.Release|x86.ActiveCfg = Release|Any CPU
		{4CEF6F8C-594E-4DCE-825E-A5809C55FB38}.Release|x86.Build.0 = Release|Any CPU
		{8965E389-6466-4B30-BD43-83C909044637}.Debug|Any CPU.ActiveCfg = Debug|Any CPU
		{8965E389-6466-4B30-BD43-83C909044637}.Debug|Any CPU.Build.0 = Debug|Any CPU
		{8965E389-6466-4B30-BD43-83C909044637}.Debug|Itanium.ActiveCfg = Debug|Itanium
		{8965E389-6466-4B30-BD43-83C909044637}.Debug|Itanium.Build.0 = Debug|Itanium
		{8965E389-6466-4B30-BD43-83C909044637}.Debug|x64.ActiveCfg = Debug|x64
		{8965E389-6466-4B30-BD43-83C909044637}.Debug|x64.Build.0 = Debug|x64
		{8965E389-6466-4B30-BD43-83C909044637}.Debug|x86.ActiveCfg = Debug|x86
		{8965E389-6466-4B30-BD43-83C909044637}.Debug|x86.Build.0 = Debug|x86
		{8965E389-6466-4B30-BD43-83C909044637}.Release|Any CPU.ActiveCfg = Release|Any CPU
		{8965E389-6466-4B30-BD43-83C909044637}.Release|Any CPU.Build.0 = Release|Any CPU
		{8965E389-6466-4B30-BD43-83C909044637}.Release|Itanium.ActiveCfg = Release|Itanium
		{8965E389-6466-4B30-BD43-83C909044637}.Release|Itanium.Build.0 = Release|Itanium
		{8965E389-6466-4B30-BD43-83C909044637}.Release|x64.ActiveCfg = Release|x64
		{8965E389-6466-4B30-BD43-83C909044637}.Release|x64.Build.0 = Release|x64
		{8965E389-6466-4B30-BD43-83C909044637}.Release|x86.ActiveCfg = Release|x86
		{8965E389-6466-4B30-BD43-83C909044637}.Release|x86.Build.0 = Release|x86
		{755C5459-BCA4-4729-A93C-0C73A41BDF3C}.Debug|Any CPU.ActiveCfg = Debug|Any CPU
		{755C5459-BCA4-4729-A93C-0C73A41BDF3C}.Debug|Any CPU.Build.0 = Debug|Any CPU
		{755C5459-BCA4-4729-A93C-0C73A41BDF3C}.Debug|Itanium.ActiveCfg = Debug|Itanium
		{755C5459-BCA4-4729-A93C-0C73A41BDF3C}.Debug|Itanium.Build.0 = Debug|Itanium
		{755C5459-BCA4-4729-A93C-0C73A41BDF3C}.Debug|x64.ActiveCfg = Debug|x64
		{755C5459-BCA4-4729-A93C-0C73A41BDF3C}.Debug|x64.Build.0 = Debug|x64
		{755C5459-BCA4-4729-A93C-0C73A41BDF3C}.Debug|x86.ActiveCfg = Debug|x86
		{755C5459-BCA4-4729-A93C-0C73A41BDF3C}.Debug|x86.Build.0 = Debug|x86
		{755C5459-BCA4-4729-A93C-0C73A41BDF3C}.Release|Any CPU.ActiveCfg = Release|Any CPU
		{755C5459-BCA4-4729-A93C-0C73A41BDF3C}.Release|Any CPU.Build.0 = Release|Any CPU
		{755C5459-BCA4-4729-A93C-0C73A41BDF3C}.Release|Itanium.ActiveCfg = Release|Itanium
		{755C5459-BCA4-4729-A93C-0C73A41BDF3C}.Release|Itanium.Build.0 = Release|Itanium
		{755C5459-BCA4-4729-A93C-0C73A41BDF3C}.Release|x64.ActiveCfg = Release|x64
		{755C5459-BCA4-4729-A93C-0C73A41BDF3C}.Release|x64.Build.0 = Release|x64
		{755C5459-BCA4-4729-A93C-0C73A41BDF3C}.Release|x86.ActiveCfg = Release|x86
		{755C5459-BCA4-4729-A93C-0C73A41BDF3C}.Release|x86.Build.0 = Release|x86
		{3453219A-FD58-47DF-97CC-2E02385898F0}.Debug|Any CPU.ActiveCfg = Debug|Any CPU
		{3453219A-FD58-47DF-97CC-2E02385898F0}.Debug|Any CPU.Build.0 = Debug|Any CPU
		{3453219A-FD58-47DF-97CC-2E02385898F0}.Debug|Itanium.ActiveCfg = Debug|Any CPU
		{3453219A-FD58-47DF-97CC-2E02385898F0}.Debug|Itanium.Build.0 = Debug|Any CPU
		{3453219A-FD58-47DF-97CC-2E02385898F0}.Debug|x64.ActiveCfg = Debug|Any CPU
		{3453219A-FD58-47DF-97CC-2E02385898F0}.Debug|x64.Build.0 = Debug|Any CPU
		{3453219A-FD58-47DF-97CC-2E02385898F0}.Debug|x86.ActiveCfg = Debug|Any CPU
		{3453219A-FD58-47DF-97CC-2E02385898F0}.Debug|x86.Build.0 = Debug|Any CPU
		{3453219A-FD58-47DF-97CC-2E02385898F0}.Release|Any CPU.ActiveCfg = Release|Any CPU
		{3453219A-FD58-47DF-97CC-2E02385898F0}.Release|Any CPU.Build.0 = Release|Any CPU
		{3453219A-FD58-47DF-97CC-2E02385898F0}.Release|Itanium.ActiveCfg = Release|Any CPU
		{3453219A-FD58-47DF-97CC-2E02385898F0}.Release|Itanium.Build.0 = Release|Any CPU
		{3453219A-FD58-47DF-97CC-2E02385898F0}.Release|x64.ActiveCfg = Release|Any CPU
		{3453219A-FD58-47DF-97CC-2E02385898F0}.Release|x64.Build.0 = Release|Any CPU
		{3453219A-FD58-47DF-97CC-2E02385898F0}.Release|x86.ActiveCfg = Release|Any CPU
		{3453219A-FD58-47DF-97CC-2E02385898F0}.Release|x86.Build.0 = Release|Any CPU
	EndGlobalSection
	GlobalSection(SolutionProperties) = preSolution
		HideSolutionNode = FALSE
	EndGlobalSection
	GlobalSection(ExtensibilityGlobals) = postSolution
		SolutionGuid = {EE7A769B-2C3F-4A6A-96A2-62010DDD67AD}
	EndGlobalSection
EndGlobal
